
Microsoft Visual Studio Solution File, Format Version 12.00
Project("{FAE04EC0-301F-11D3-BF4B-00C04F79EFBC}") = "GoogleAuthDemoApi", "GoogleAuthDemoApi\GoogleAuthDemoApi.csproj", "{0988613A-9E2A-4704-84F5-4E02B64BD7C8}"
EndProject
Global
	GlobalSection(SolutionConfigurationPlatforms) = preSolution
		Debug|Any CPU = Debug|Any CPU
		Release|Any CPU = Release|Any CPU
	EndGlobalSection
	GlobalSection(ProjectConfigurationPlatforms) = postSolution
		{0988613A-9E2A-4704-84F5-4E02B64BD7C8}.Debug|Any CPU.ActiveCfg = Debug|Any CPU
		{0988613A-9E2A-4704-84F5-4E02B64BD7C8}.Debug|Any CPU.Build.0 = Debug|Any CPU
		{0988613A-9E2A-4704-84F5-4E02B64BD7C8}.Release|Any CPU.ActiveCfg = Release|Any CPU
		{0988613A-9E2A-4704-84F5-4E02B64BD7C8}.Release|Any CPU.Build.0 = Release|Any CPU
	EndGlobalSection
EndGlobal
